// !$*UTF8*$!
{
	archiveVersion = 1;
	classes = {
	};
	objectVersion = 56;
	objects = {

/* Begin PBXBuildFile section */
		383E4ED42C20B538001306FA /* DetailView.swift in Sources */ = {isa = PBXBuildFile; fileRef = 383E4ED32C20B538001306FA /* DetailView.swift */; };
		383E4ED62C20BD26001306FA /* SculptureModel.swift in Sources */ = {isa = PBXBuildFile; fileRef = 383E4ED52C20BD26001306FA /* SculptureModel.swift */; };
		38B68F5B2C1EC483007B32EC /* RealityKitContent in Frameworks */ = {isa = PBXBuildFile; productRef = 38B68F5A2C1EC483007B32EC /* RealityKitContent */; };
		38B68F5D2C1EC483007B32EC /* Museum_VisionOSApp.swift in Sources */ = {isa = PBXBuildFile; fileRef = 38B68F5C2C1EC483007B32EC /* Museum_VisionOSApp.swift */; };
		38B68F5F2C1EC483007B32EC /* WelcomeView.swift in Sources */ = {isa = PBXBuildFile; fileRef = 38B68F5E2C1EC483007B32EC /* WelcomeView.swift */; };
		38B68F612C1EC483007B32EC /* ImmersiveView.swift in Sources */ = {isa = PBXBuildFile; fileRef = 38B68F602C1EC483007B32EC /* ImmersiveView.swift */; };
		38B68F632C1EC483007B32EC /* ImageBasedLighting.skybox in Resources */ = {isa = PBXBuildFile; fileRef = 38B68F622C1EC483007B32EC /* ImageBasedLighting.skybox */; };
		38B68F652C1EC485007B32EC /* Assets.xcassets in Resources */ = {isa = PBXBuildFile; fileRef = 38B68F642C1EC485007B32EC /* Assets.xcassets */; };
		38B68F682C1EC485007B32EC /* Preview Assets.xcassets in Resources */ = {isa = PBXBuildFile; fileRef = 38B68F672C1EC485007B32EC /* Preview Assets.xcassets */; };
		38B68F722C1EFE15007B32EC /* Constants.swift in Sources */ = {isa = PBXBuildFile; fileRef = 38B68F712C1EFE15007B32EC /* Constants.swift */; };
		38B68F742C1F1D51007B32EC /* MuseumView.swift in Sources */ = {isa = PBXBuildFile; fileRef = 38B68F732C1F1D51007B32EC /* MuseumView.swift */; };
		38DED66C2C285D6300DDD361 /* TabViewWelcomeScreen.swift in Sources */ = {isa = PBXBuildFile; fileRef = 38DED66B2C285D6300DDD361 /* TabViewWelcomeScreen.swift */; };
		38DED66E2C28697C00DDD361 /* Colors+Extension.swift in Sources */ = {isa = PBXBuildFile; fileRef = 38DED66D2C28697C00DDD361 /* Colors+Extension.swift */; };
		38EF46DE2C29BE69009A38F5 /* LearnMoreButtonView.swift in Sources */ = {isa = PBXBuildFile; fileRef = 38EF46DD2C29BE69009A38F5 /* LearnMoreButtonView.swift */; };
/* End PBXBuildFile section */

/* Begin PBXFileReference section */
		383E4ED32C20B538001306FA /* DetailView.swift */ = {isa = PBXFileReference; lastKnownFileType = sourcecode.swift; path = DetailView.swift; sourceTree = "<group>"; };
		383E4ED52C20BD26001306FA /* SculptureModel.swift */ = {isa = PBXFileReference; lastKnownFileType = sourcecode.swift; path = SculptureModel.swift; sourceTree = "<group>"; };
		38B68F552C1EC483007B32EC /* Museum-VisionOS.app */ = {isa = PBXFileReference; explicitFileType = wrapper.application; includeInIndex = 0; path = "Museum-VisionOS.app"; sourceTree = BUILT_PRODUCTS_DIR; };
		38B68F592C1EC483007B32EC /* RealityKitContent */ = {isa = PBXFileReference; lastKnownFileType = wrapper; path = RealityKitContent; sourceTree = "<group>"; };
		38B68F5C2C1EC483007B32EC /* Museum_VisionOSApp.swift */ = {isa = PBXFileReference; lastKnownFileType = sourcecode.swift; path = Museum_VisionOSApp.swift; sourceTree = "<group>"; };
		38B68F5E2C1EC483007B32EC /* WelcomeView.swift */ = {isa = PBXFileReference; lastKnownFileType = sourcecode.swift; path = WelcomeView.swift; sourceTree = "<group>"; };
		38B68F602C1EC483007B32EC /* ImmersiveView.swift */ = {isa = PBXFileReference; lastKnownFileType = sourcecode.swift; path = ImmersiveView.swift; sourceTree = "<group>"; };
		38B68F622C1EC483007B32EC /* ImageBasedLighting.skybox */ = {isa = PBXFileReference; lastKnownFileType = file.skybox; path = ImageBasedLighting.skybox; sourceTree = "<group>"; };
		38B68F642C1EC485007B32EC /* Assets.xcassets */ = {isa = PBXFileReference; lastKnownFileType = folder.assetcatalog; path = Assets.xcassets; sourceTree = "<group>"; };
		38B68F672C1EC485007B32EC /* Preview Assets.xcassets */ = {isa = PBXFileReference; lastKnownFileType = folder.assetcatalog; path = "Preview Assets.xcassets"; sourceTree = "<group>"; };
		38B68F692C1EC485007B32EC /* Info.plist */ = {isa = PBXFileReference; lastKnownFileType = text.plist.xml; path = Info.plist; sourceTree = "<group>"; };
		38B68F712C1EFE15007B32EC /* Constants.swift */ = {isa = PBXFileReference; lastKnownFileType = sourcecode.swift; path = Constants.swift; sourceTree = "<group>"; };
		38B68F732C1F1D51007B32EC /* MuseumView.swift */ = {isa = PBXFileReference; lastKnownFileType = sourcecode.swift; path = MuseumView.swift; sourceTree = "<group>"; };
		38DED66B2C285D6300DDD361 /* TabViewWelcomeScreen.swift */ = {isa = PBXFileReference; lastKnownFileType = sourcecode.swift; path = TabViewWelcomeScreen.swift; sourceTree = "<group>"; };
		38DED66D2C28697C00DDD361 /* Colors+Extension.swift */ = {isa = PBXFileReference; fileEncoding = 4; lastKnownFileType = sourcecode.swift; path = "Colors+Extension.swift"; sourceTree = "<group>"; };
		38EF46DD2C29BE69009A38F5 /* LearnMoreButtonView.swift */ = {isa = PBXFileReference; lastKnownFileType = sourcecode.swift; path = LearnMoreButtonView.swift; sourceTree = "<group>"; };
/* End PBXFileReference section */

/* Begin PBXFrameworksBuildPhase section */
		38B68F522C1EC483007B32EC /* Frameworks */ = {
			isa = PBXFrameworksBuildPhase;
			buildActionMask = 2147483647;
			files = (
				38B68F5B2C1EC483007B32EC /* RealityKitContent in Frameworks */,
			);
			runOnlyForDeploymentPostprocessing = 0;
		};
/* End PBXFrameworksBuildPhase section */

/* Begin PBXGroup section */
		383E4ED72C20C747001306FA /* View */ = {
			isa = PBXGroup;
			children = (
				38B68F602C1EC483007B32EC /* ImmersiveView.swift */,
				38B68F732C1F1D51007B32EC /* MuseumView.swift */,
				383E4ED32C20B538001306FA /* DetailView.swift */,
				38B68F5E2C1EC483007B32EC /* WelcomeView.swift */,
				38DED66B2C285D6300DDD361 /* TabViewWelcomeScreen.swift */,
				38EF46DD2C29BE69009A38F5 /* LearnMoreButtonView.swift */,
			);
			path = View;
			sourceTree = "<group>";
		};
		383E4ED82C20C762001306FA /* Model */ = {
			isa = PBXGroup;
			children = (
				383E4ED52C20BD26001306FA /* SculptureModel.swift */,
			);
			path = Model;
			sourceTree = "<group>";
		};
		383E4ED92C20C76B001306FA /* Utilities */ = {
			isa = PBXGroup;
			children = (
				38DED66D2C28697C00DDD361 /* Colors+Extension.swift */,
				38B68F712C1EFE15007B32EC /* Constants.swift */,
			);
			path = Utilities;
			sourceTree = "<group>";
		};
		38B68F4C2C1EC483007B32EC = {
			isa = PBXGroup;
			children = (
				38B68F572C1EC483007B32EC /* Museum-VisionOS */,
				38B68F582C1EC483007B32EC /* Packages */,
				38B68F562C1EC483007B32EC /* Products */,
			);
			sourceTree = "<group>";
		};
		38B68F562C1EC483007B32EC /* Products */ = {
			isa = PBXGroup;
			children = (
				38B68F552C1EC483007B32EC /* Museum-VisionOS.app */,
			);
			name = Products;
			sourceTree = "<group>";
		};
		38B68F572C1EC483007B32EC /* Museum-VisionOS */ = {
			isa = PBXGroup;
			children = (
				383E4ED92C20C76B001306FA /* Utilities */,
				383E4ED82C20C762001306FA /* Model */,
				383E4ED72C20C747001306FA /* View */,
				38B68F5C2C1EC483007B32EC /* Museum_VisionOSApp.swift */,
				38B68F622C1EC483007B32EC /* ImageBasedLighting.skybox */,
				38B68F642C1EC485007B32EC /* Assets.xcassets */,
				38B68F692C1EC485007B32EC /* Info.plist */,
				38B68F662C1EC485007B32EC /* Preview Content */,
			);
			path = "Museum-VisionOS";
			sourceTree = "<group>";
		};
		38B68F582C1EC483007B32EC /* Packages */ = {
			isa = PBXGroup;
			children = (
				38B68F592C1EC483007B32EC /* RealityKitContent */,
			);
			path = Packages;
			sourceTree = "<group>";
		};
		38B68F662C1EC485007B32EC /* Preview Content */ = {
			isa = PBXGroup;
			children = (
				38B68F672C1EC485007B32EC /* Preview Assets.xcassets */,
			);
			path = "Preview Content";
			sourceTree = "<group>";
		};
/* End PBXGroup section */

/* Begin PBXNativeTarget section */
		38B68F542C1EC483007B32EC /* Museum-VisionOS */ = {
			isa = PBXNativeTarget;
			buildConfigurationList = 38B68F6C2C1EC485007B32EC /* Build configuration list for PBXNativeTarget "Museum-VisionOS" */;
			buildPhases = (
				38B68F512C1EC483007B32EC /* Sources */,
				38B68F522C1EC483007B32EC /* Frameworks */,
				38B68F532C1EC483007B32EC /* Resources */,
			);
			buildRules = (
			);
			dependencies = (
			);
			name = "Museum-VisionOS";
			packageProductDependencies = (
				38B68F5A2C1EC483007B32EC /* RealityKitContent */,
			);
			productName = "Museum-VisionOS";
			productReference = 38B68F552C1EC483007B32EC /* Museum-VisionOS.app */;
			productType = "com.apple.product-type.application";
		};
/* End PBXNativeTarget section */

/* Begin PBXProject section */
		38B68F4D2C1EC483007B32EC /* Project object */ = {
			isa = PBXProject;
			attributes = {
				BuildIndependentTargetsInParallel = 1;
				LastSwiftUpdateCheck = 1540;
				LastUpgradeCheck = 1540;
				TargetAttributes = {
					38B68F542C1EC483007B32EC = {
						CreatedOnToolsVersion = 15.4;
					};
				};
			};
			buildConfigurationList = 38B68F502C1EC483007B32EC /* Build configuration list for PBXProject "Museum-VisionOS" */;
			compatibilityVersion = "Xcode 14.0";
			developmentRegion = en;
			hasScannedForEncodings = 0;
			knownRegions = (
				en,
				Base,
			);
			mainGroup = 38B68F4C2C1EC483007B32EC;
			productRefGroup = 38B68F562C1EC483007B32EC /* Products */;
			projectDirPath = "";
			projectRoot = "";
			targets = (
				38B68F542C1EC483007B32EC /* Museum-VisionOS */,
			);
		};
/* End PBXProject section */

/* Begin PBXResourcesBuildPhase section */
		38B68F532C1EC483007B32EC /* Resources */ = {
			isa = PBXResourcesBuildPhase;
			buildActionMask = 2147483647;
			files = (
				38B68F652C1EC485007B32EC /* Assets.xcassets in Resources */,
				38B68F682C1EC485007B32EC /* Preview Assets.xcassets in Resources */,
				38B68F632C1EC483007B32EC /* ImageBasedLighting.skybox in Resources */,
			);
			runOnlyForDeploymentPostprocessing = 0;
		};
/* End PBXResourcesBuildPhase section */

/* Begin PBXSourcesBuildPhase section */
		38B68F512C1EC483007B32EC /* Sources */ = {
			isa = PBXSourcesBuildPhase;
			buildActionMask = 2147483647;
			files = (
				38DED66E2C28697C00DDD361 /* Colors+Extension.swift in Sources */,
				38B68F722C1EFE15007B32EC /* Constants.swift in Sources */,
				383E4ED62C20BD26001306FA /* SculptureModel.swift in Sources */,
				383E4ED42C20B538001306FA /* DetailView.swift in Sources */,
				38DED66C2C285D6300DDD361 /* TabViewWelcomeScreen.swift in Sources */,
				38EF46DE2C29BE69009A38F5 /* LearnMoreButtonView.swift in Sources */,
				38B68F5F2C1EC483007B32EC /* WelcomeView.swift in Sources */,
				38B68F742C1F1D51007B32EC /* MuseumView.swift in Sources */,
				38B68F5D2C1EC483007B32EC /* Museum_VisionOSApp.swift in Sources */,
				38B68F612C1EC483007B32EC /* ImmersiveView.swift in Sources */,
			);
			runOnlyForDeploymentPostprocessing = 0;
		};
/* End PBXSourcesBuildPhase section */

/* Begin XCBuildConfiguration section */
		38B68F6A2C1EC485007B32EC /* Debug */ = {
			isa = XCBuildConfiguration;
			buildSettings = {
				ALWAYS_SEARCH_USER_PATHS = NO;
				ASSETCATALOG_COMPILER_GENERATE_SWIFT_ASSET_SYMBOL_EXTENSIONS = YES;
				CLANG_ANALYZER_NONNULL = YES;
				CLANG_ANALYZER_NUMBER_OBJECT_CONVERSION = YES_AGGRESSIVE;
				CLANG_CXX_LANGUAGE_STANDARD = "gnu++20";
				CLANG_ENABLE_MODULES = YES;
				CLANG_ENABLE_OBJC_ARC = YES;
				CLANG_ENABLE_OBJC_WEAK = YES;
				CLANG_WARN_BLOCK_CAPTURE_AUTORELEASING = YES;
				CLANG_WARN_BOOL_CONVERSION = YES;
				CLANG_WARN_COMMA = YES;
				CLANG_WARN_CONSTANT_CONVERSION = YES;
				CLANG_WARN_DEPRECATED_OBJC_IMPLEMENTATIONS = YES;
				CLANG_WARN_DIRECT_OBJC_ISA_USAGE = YES_ERROR;
				CLANG_WARN_DOCUMENTATION_COMMENTS = YES;
				CLANG_WARN_EMPTY_BODY = YES;
				CLANG_WARN_ENUM_CONVERSION = YES;
				CLANG_WARN_INFINITE_RECURSION = YES;
				CLANG_WARN_INT_CONVERSION = YES;
				CLANG_WARN_NON_LITERAL_NULL_CONVERSION = YES;
				CLANG_WARN_OBJC_IMPLICIT_RETAIN_SELF = YES;
				CLANG_WARN_OBJC_LITERAL_CONVERSION = YES;
				CLANG_WARN_OBJC_ROOT_CLASS = YES_ERROR;
				CLANG_WARN_QUOTED_INCLUDE_IN_FRAMEWORK_HEADER = YES;
				CLANG_WARN_RANGE_LOOP_ANALYSIS = YES;
				CLANG_WARN_STRICT_PROTOTYPES = YES;
				CLANG_WARN_SUSPICIOUS_MOVE = YES;
				CLANG_WARN_UNGUARDED_AVAILABILITY = YES_AGGRESSIVE;
				CLANG_WARN_UNREACHABLE_CODE = YES;
				CLANG_WARN__DUPLICATE_METHOD_MATCH = YES;
				COPY_PHASE_STRIP = NO;
				DEBUG_INFORMATION_FORMAT = dwarf;
				ENABLE_STRICT_OBJC_MSGSEND = YES;
				ENABLE_TESTABILITY = YES;
				ENABLE_USER_SCRIPT_SANDBOXING = YES;
				GCC_C_LANGUAGE_STANDARD = gnu17;
				GCC_DYNAMIC_NO_PIC = NO;
				GCC_NO_COMMON_BLOCKS = YES;
				GCC_OPTIMIZATION_LEVEL = 0;
				GCC_PREPROCESSOR_DEFINITIONS = (
					"DEBUG=1",
					"$(inherited)",
				);
				GCC_WARN_64_TO_32_BIT_CONVERSION = YES;
				GCC_WARN_ABOUT_RETURN_TYPE = YES_ERROR;
				GCC_WARN_UNDECLARED_SELECTOR = YES;
				GCC_WARN_UNINITIALIZED_AUTOS = YES_AGGRESSIVE;
				GCC_WARN_UNUSED_FUNCTION = YES;
				GCC_WARN_UNUSED_VARIABLE = YES;
				LOCALIZATION_PREFERS_STRING_CATALOGS = YES;
				MTL_ENABLE_DEBUG_INFO = INCLUDE_SOURCE;
				MTL_FAST_MATH = YES;
				ONLY_ACTIVE_ARCH = YES;
				SDKROOT = xros;
				SWIFT_ACTIVE_COMPILATION_CONDITIONS = "DEBUG $(inherited)";
				SWIFT_OPTIMIZATION_LEVEL = "-Onone";
				XROS_DEPLOYMENT_TARGET = 1.2;
			};
			name = Debug;
		};
		38B68F6B2C1EC485007B32EC /* Release */ = {
			isa = XCBuildConfiguration;
			buildSettings = {
				ALWAYS_SEARCH_USER_PATHS = NO;
				ASSETCATALOG_COMPILER_GENERATE_SWIFT_ASSET_SYMBOL_EXTENSIONS = YES;
				CLANG_ANALYZER_NONNULL = YES;
				CLANG_ANALYZER_NUMBER_OBJECT_CONVERSION = YES_AGGRESSIVE;
				CLANG_CXX_LANGUAGE_STANDARD = "gnu++20";
				CLANG_ENABLE_MODULES = YES;
				CLANG_ENABLE_OBJC_ARC = YES;
				CLANG_ENABLE_OBJC_WEAK = YES;
				CLANG_WARN_BLOCK_CAPTURE_AUTORELEASING = YES;
				CLANG_WARN_BOOL_CONVERSION = YES;
				CLANG_WARN_COMMA = YES;
				CLANG_WARN_CONSTANT_CONVERSION = YES;
				CLANG_WARN_DEPRECATED_OBJC_IMPLEMENTATIONS = YES;
				CLANG_WARN_DIRECT_OBJC_ISA_USAGE = YES_ERROR;
				CLANG_WARN_DOCUMENTATION_COMMENTS = YES;
				CLANG_WARN_EMPTY_BODY = YES;
				CLANG_WARN_ENUM_CONVERSION = YES;
				CLANG_WARN_INFINITE_RECURSION = YES;
				CLANG_WARN_INT_CONVERSION = YES;
				CLANG_WARN_NON_LITERAL_NULL_CONVERSION = YES;
				CLANG_WARN_OBJC_IMPLICIT_RETAIN_SELF = YES;
				CLANG_WARN_OBJC_LITERAL_CONVERSION = YES;
				CLANG_WARN_OBJC_ROOT_CLASS = YES_ERROR;
				CLANG_WARN_QUOTED_INCLUDE_IN_FRAMEWORK_HEADER = YES;
				CLANG_WARN_RANGE_LOOP_ANALYSIS = YES;
				CLANG_WARN_STRICT_PROTOTYPES = YES;
				CLANG_WARN_SUSPICIOUS_MOVE = YES;
				CLANG_WARN_UNGUARDED_AVAILABILITY = YES_AGGRESSIVE;
				CLANG_WARN_UNREACHABLE_CODE = YES;
				CLANG_WARN__DUPLICATE_METHOD_MATCH = YES;
				COPY_PHASE_STRIP = NO;
				DEBUG_INFORMATION_FORMAT = "dwarf-with-dsym";
				ENABLE_NS_ASSERTIONS = NO;
				ENABLE_STRICT_OBJC_MSGSEND = YES;
				ENABLE_USER_SCRIPT_SANDBOXING = YES;
				GCC_C_LANGUAGE_STANDARD = gnu17;
				GCC_NO_COMMON_BLOCKS = YES;
				GCC_WARN_64_TO_32_BIT_CONVERSION = YES;
				GCC_WARN_ABOUT_RETURN_TYPE = YES_ERROR;
				GCC_WARN_UNDECLARED_SELECTOR = YES;
				GCC_WARN_UNINITIALIZED_AUTOS = YES_AGGRESSIVE;
				GCC_WARN_UNUSED_FUNCTION = YES;
				GCC_WARN_UNUSED_VARIABLE = YES;
				LOCALIZATION_PREFERS_STRING_CATALOGS = YES;
				MTL_ENABLE_DEBUG_INFO = NO;
				MTL_FAST_MATH = YES;
				SDKROOT = xros;
				SWIFT_COMPILATION_MODE = wholemodule;
				VALIDATE_PRODUCT = YES;
				XROS_DEPLOYMENT_TARGET = 1.2;
			};
			name = Release;
		};
		38B68F6D2C1EC485007B32EC /* Debug */ = {
			isa = XCBuildConfiguration;
			buildSettings = {
				ASSETCATALOG_COMPILER_APPICON_NAME = AppIcon;
				ASSETCATALOG_COMPILER_GLOBAL_ACCENT_COLOR_NAME = AccentColor;
				CODE_SIGN_STYLE = Automatic;
				CURRENT_PROJECT_VERSION = 1;
				DEVELOPMENT_ASSET_PATHS = "\"Museum-VisionOS/Preview Content\"";
				DEVELOPMENT_TEAM = WLKK855V6Z;
				ENABLE_PREVIEWS = YES;
				GENERATE_INFOPLIST_FILE = YES;
				INFOPLIST_FILE = "$(TARGET_NAME)/Info.plist";
				LD_RUNPATH_SEARCH_PATHS = (
					"$(inherited)",
					"@executable_path/Frameworks",
				);
				MARKETING_VERSION = 1.0;
				PRODUCT_BUNDLE_IDENTIFIER = "com.abhi.visionOS.Museum-VisionOS";
				PRODUCT_NAME = "$(TARGET_NAME)";
				SUPPORTED_PLATFORMS = "xros xrsimulator";
				SWIFT_EMIT_LOC_STRINGS = YES;
				SWIFT_VERSION = 5.0;
				TARGETED_DEVICE_FAMILY = "1,2,7";
			};
			name = Debug;
		};
		38B68F6E2C1EC485007B32EC /* Release */ = {
			isa = XCBuildConfiguration;
			buildSettings = {
				ASSETCATALOG_COMPILER_APPICON_NAME = AppIcon;
				ASSETCATALOG_COMPILER_GLOBAL_ACCENT_COLOR_NAME = AccentColor;
				CODE_SIGN_STYLE = Automatic;
				CURRENT_PROJECT_VERSION = 1;
				DEVELOPMENT_ASSET_PATHS = "\"Museum-VisionOS/Preview Content\"";
				DEVELOPMENT_TEAM = WLKK855V6Z;
				ENABLE_PREVIEWS = YES;
				GENERATE_INFOPLIST_FILE = YES;
				INFOPLIST_FILE = "$(TARGET_NAME)/Info.plist";
				LD_RUNPATH_SEARCH_PATHS = (
					"$(inherited)",
					"@executable_path/Frameworks",
				);
				MARKETING_VERSION = 1.0;
				PRODUCT_BUNDLE_IDENTIFIER = "com.abhi.visionOS.Museum-VisionOS";
				PRODUCT_NAME = "$(TARGET_NAME)";
				SUPPORTED_PLATFORMS = "xros xrsimulator";
				SWIFT_EMIT_LOC_STRINGS = YES;
				SWIFT_VERSION = 5.0;
				TARGETED_DEVICE_FAMILY = "1,2,7";
			};
			name = Release;
		};
/* End XCBuildConfiguration section */

/* Begin XCConfigurationList section */
		38B68F502C1EC483007B32EC /* Build configuration list for PBXProject "Museum-VisionOS" */ = {
			isa = XCConfigurationList;
			buildConfigurations = (
				38B68F6A2C1EC485007B32EC /* Debug */,
				38B68F6B2C1EC485007B32EC /* Release */,
			);
			defaultConfigurationIsVisible = 0;
			defaultConfigurationName = Release;
		};
		38B68F6C2C1EC485007B32EC /* Build configuration list for PBXNativeTarget "Museum-VisionOS" */ = {
			isa = XCConfigurationList;
			buildConfigurations = (
				38B68F6D2C1EC485007B32EC /* Debug */,
				38B68F6E2C1EC485007B32EC /* Release */,
			);
			defaultConfigurationIsVisible = 0;
			defaultConfigurationName = Release;
		};
/* End XCConfigurationList section */

/* Begin XCSwiftPackageProductDependency section */
		38B68F5A2C1EC483007B32EC /* RealityKitContent */ = {
			isa = XCSwiftPackageProductDependency;
			productName = RealityKitContent;
		};
/* End XCSwiftPackageProductDependency section */
	};
	rootObject = 38B68F4D2C1EC483007B32EC /* Project object */;
}
